
Microsoft Visual Studio Solution File, Format Version 12.00
# Visual Studio 15
VisualStudioVersion = 15.0.28307.136
MinimumVisualStudioVersion = 10.0.40219.1
Project("{9A19103F-16F7-4668-BE54-9A1E7A4F7556}") = "App.Main", "App.Main\App.Main.csproj", "{92CC344C-E374-4374-BD3C-DF2B38668BAB}"
EndProject
Project("{FAE04EC0-301F-11D3-BF4B-00C04F79EFBC}") = "App.WithAuthentication", "App.WithAuthentication\App.WithAuthentication.csproj", "{3FF3CF29-9384-4E62-B4BD-A0C5DDE01E71}"
EndProject
Global
	GlobalSection(SolutionConfigurationPlatforms) = preSolution
		Debug|Any CPU = Debug|Any CPU
		Release|Any CPU = Release|Any CPU
	EndGlobalSection
	GlobalSection(ProjectConfigurationPlatforms) = postSolution
		{92CC344C-E374-4374-BD3C-DF2B38668BAB}.Debug|Any CPU.ActiveCfg = Debug|Any CPU
		{92CC344C-E374-4374-BD3C-DF2B38668BAB}.Debug|Any CPU.Build.0 = Debug|Any CPU
		{92CC344C-E374-4374-BD3C-DF2B38668BAB}.Release|Any CPU.ActiveCfg = Release|Any CPU
		{92CC344C-E374-4374-BD3C-DF2B38668BAB}.Release|Any CPU.Build.0 = Release|Any CPU
		{3FF3CF29-9384-4E62-B4BD-A0C5DDE01E71}.Debug|Any CPU.ActiveCfg = Debug|Any CPU
		{3FF3CF29-9384-4E62-B4BD-A0C5DDE01E71}.Debug|Any CPU.Build.0 = Debug|Any CPU
		{3FF3CF29-9384-4E62-B4BD-A0C5DDE01E71}.Release|Any CPU.ActiveCfg = Release|Any CPU
		{3FF3CF29-9384-4E62-B4BD-A0C5DDE01E71}.Release|Any CPU.Build.0 = Release|Any CPU
	EndGlobalSection
	GlobalSection(SolutionProperties) = preSolution
		HideSolutionNode = FALSE
	EndGlobalSection
	GlobalSection(ExtensibilityGlobals) = postSolution
		SolutionGuid = {8E333C49-6135-4D22-8D4B-D68AC7BF125B}
	EndGlobalSection
EndGlobal
